
Microsoft Visual Studio Solution File, Format Version 12.00
# Visual Studio Version 16
VisualStudioVersion = 16.0.31112.23
MinimumVisualStudioVersion = 10.0.40219.1
Project("{9A19103F-16F7-4668-BE54-9A1E7A4F7556}") = "CaipiraDev.CacheConnection", "CaipiraDev.CacheConnection\CaipiraDev.CacheConnection.csproj", "{F5495ADC-DF5C-4288-BD29-F3AD15557879}"
EndProject
Project("{9A19103F-16F7-4668-BE54-9A1E7A4F7556}") = "CaipiraDev.Desktop", "CaipiraDev.Desktop\CaipiraDev.Desktop.csproj", "{59CAF94C-87D0-44B0-815D-8C467FB37B95}"
EndProject
Project("{FAE04EC0-301F-11D3-BF4B-00C04F79EFBC}") = "CaipiraDev.Test", "CaipiraDev.Test\CaipiraDev.Test.csproj", "{D6CB9EA4-4DDA-4219-81D7-967223579B62}"
EndProject
Global
	GlobalSection(SolutionConfigurationPlatforms) = preSolution
		Debug|Any CPU = Debug|Any CPU
		Release|Any CPU = Release|Any CPU
	EndGlobalSection
	GlobalSection(ProjectConfigurationPlatforms) = postSolution
		{F5495ADC-DF5C-4288-BD29-F3AD15557879}.Debug|Any CPU.ActiveCfg = Debug|Any CPU
		{F5495ADC-DF5C-4288-BD29-F3AD15557879}.Debug|Any CPU.Build.0 = Debug|Any CPU
		{F5495ADC-DF5C-4288-BD29-F3AD15557879}.Release|Any CPU.ActiveCfg = Release|Any CPU
		{F5495ADC-DF5C-4288-BD29-F3AD15557879}.Release|Any CPU.Build.0 = Release|Any CPU
		{59CAF94C-87D0-44B0-815D-8C467FB37B95}.Debug|Any CPU.ActiveCfg = Debug|Any CPU
		{59CAF94C-87D0-44B0-815D-8C467FB37B95}.Debug|Any CPU.Build.0 = Debug|Any CPU
		{59CAF94C-87D0-44B0-815D-8C467FB37B95}.Release|Any CPU.ActiveCfg = Release|Any CPU
		{59CAF94C-87D0-44B0-815D-8C467FB37B95}.Release|Any CPU.Build.0 = Release|Any CPU
		{D6CB9EA4-4DDA-4219-81D7-967223579B62}.Debug|Any CPU.ActiveCfg = Debug|Any CPU
		{D6CB9EA4-4DDA-4219-81D7-967223579B62}.Debug|Any CPU.Build.0 = Debug|Any CPU
		{D6CB9EA4-4DDA-4219-81D7-967223579B62}.Release|Any CPU.ActiveCfg = Release|Any CPU
		{D6CB9EA4-4DDA-4219-81D7-967223579B62}.Release|Any CPU.Build.0 = Release|Any CPU
	EndGlobalSection
	GlobalSection(SolutionProperties) = preSolution
		HideSolutionNode = FALSE
	EndGlobalSection
	GlobalSection(ExtensibilityGlobals) = postSolution
		SolutionGuid = {584329BB-18F9-4FA8-B84A-5A1A5BCCD618}
	EndGlobalSection
EndGlobal
